<?xml version="1.0" encoding="utf-8"?>
<Project ToolsVersion="4.0" xmlns="http://schemas.microsoft.com/developer/msbuild/2003">
  <ItemGroup>
    <Filter Include="Source Files">
      <UniqueIdentifier>{4FC737F1-C7A5-4376-A066-2A32D752A2FF}</UniqueIdentifier>
      <Extensions>cpp;c;cc;cxx;c++;cppm;ixx;def;odl;idl;hpj;bat;asm;asmx</Extensions>
    </Filter>
    <Filter Include="Header Files">
      <UniqueIdentifier>{93995380-89BD-4b04-88EB-625FBE52EBFB}</UniqueIdentifier>
      <Extensions>h;hh;hpp;hxx;h++;hm;inl;inc;ipp;xsd</Extensions>
    </Filter>
    <Filter Include="Resource Files">
      <UniqueIdentifier>{67DA6AB6-F800-4c08-8B7A-83BB121AAD01}</UniqueIdentifier>
      <Extensions>rc;ico;cur;bmp;dlg;rc2;rct;bin;rgs;gif;jpg;jpeg;jpe;resx;tiff;tif;png;wav;mfcribbon-ms</Extensions>
    </Filter>
  </ItemGroup>
  <ItemGroup>
    <ClCompile Include="Homework_3_8_2.cpp">
      <Filter>Source Files</Filter>
    </ClCompile>
    <ClCompile Include="EquilateralTriangle.cpp">
      <Filter>Source Files</Filter>
    </ClCompile>
    <ClCompile Include="Figure.cpp">
      <Filter>Source Files</Filter>
    </ClCompile>
    <ClCompile Include="Functions.cpp">
      <Filter>Source Files</Filter>
    </ClCompile>
    <ClCompile Include="IsoscelesTriangle.cpp">
      <Filter>Source Files</Filter>
    </ClCompile>
    <ClCompile Include="Parallelogram.cpp">
      <Filter>Source Files</Filter>
    </ClCompile>
    <ClCompile Include="Quadrangle.cpp">
      <Filter>Source Files</Filter>
    </ClCompile>
    <ClCompile Include="Rectangle.cpp">
      <Filter>Source Files</Filter>
    </ClCompile>
    <ClCompile Include="Rhomb.cpp">
      <Filter>Source Files</Filter>
    </ClCompile>
    <ClCompile Include="RightTriangle.cpp">
      <Filter>Source Files</Filter>
    </ClCompile>
    <ClCompile Include="Square.cpp">
      <Filter>Source Files</Filter>
    </ClCompile>
    <ClCompile Include="Triangle.cpp">
      <Filter>Source Files</Filter>
    </ClCompile>
    <ClCompile Include="FigureException.cpp">
      <Filter>Source Files</Filter>
    </ClCompile>
    <ClCompile Include="TriangleException.cpp">
      <Filter>Source Files</Filter>
    </ClCompile>
    <ClCompile Include="RightTriangleException.cpp">
      <Filter>Source Files</Filter>
    </ClCompile>
    <ClCompile Include="IsoscelesTriangleException.cpp">
      <Filter>Source Files</Filter>
    </ClCompile>
    <ClCompile Include="EquilateralTriangleException.cpp">
      <Filter>Source Files</Filter>
    </ClCompile>
    <ClCompile Include="QuadrangleException.cpp">
      <Filter>Source Files</Filter>
    </ClCompile>
    <ClCompile Include="ParallelogramException.cpp">
      <Filter>Source Files</Filter>
    </ClCompile>
    <ClCompile Include="RectangleException.cpp">
      <Filter>Source Files</Filter>
    </ClCompile>
    <ClCompile Include="RhombException.cpp">
      <Filter>Source Files</Filter>
    </ClCompile>
    <ClCompile Include="SquareException.cpp">
      <Filter>Source Files</Filter>
    </ClCompile>
  </ItemGroup>
  <ItemGroup>
    <ClInclude Include="EquilateralTriangle.h">
      <Filter>Header Files</Filter>
    </ClInclude>
    <ClInclude Include="Figure.h">
      <Filter>Header Files</Filter>
    </ClInclude>
    <ClInclude Include="Functions.h">
      <Filter>Header Files</Filter>
    </ClInclude>
    <ClInclude Include="IsoscelesTriangle.h">
      <Filter>Header Files</Filter>
    </ClInclude>
    <ClInclude Include="Parallelogram.h">
      <Filter>Header Files</Filter>
    </ClInclude>
    <ClInclude Include="Quadrangle.h">
      <Filter>Header Files</Filter>
    </ClInclude>
    <ClInclude Include="Rectangle.h">
      <Filter>Header Files</Filter>
    </ClInclude>
    <ClInclude Include="Rhomb.h">
      <Filter>Header Files</Filter>
    </ClInclude>
    <ClInclude Include="RightTriangle.h">
      <Filter>Header Files</Filter>
    </ClInclude>
    <ClInclude Include="Square.h">
      <Filter>Header Files</Filter>
    </ClInclude>
    <ClInclude Include="Triangle.h">
      <Filter>Header Files</Filter>
    </ClInclude>
    <ClInclude Include="FigureException.h">
      <Filter>Header Files</Filter>
    </ClInclude>
    <ClInclude Include="Errors.h">
      <Filter>Header Files</Filter>
    </ClInclude>
    <ClInclude Include="TriangleException.h">
      <Filter>Header Files</Filter>
    </ClInclude>
    <ClInclude Include="RightTriangleException.h">
      <Filter>Header Files</Filter>
    </ClInclude>
    <ClInclude Include="IsoscelesTriangleException.h">
      <Filter>Header Files</Filter>
    </ClInclude>
    <ClInclude Include="EquilateralTriangleException.h">
      <Filter>Header Files</Filter>
    </ClInclude>
    <ClInclude Include="QuadrangleException.h">
      <Filter>Header Files</Filter>
    </ClInclude>
    <ClInclude Include="ParallelogramException.h">
      <Filter>Header Files</Filter>
    </ClInclude>
    <ClInclude Include="RectangleException.h">
      <Filter>Header Files</Filter>
    </ClInclude>
    <ClInclude Include="RhombException.h">
      <Filter>Header Files</Filter>
    </ClInclude>
    <ClInclude Include="SquareException.h">
      <Filter>Header Files</Filter>
    </ClInclude>
  </ItemGroup>
</Project>